
Microsoft Visual Studio Solution File, Format Version 12.00
# Visual Studio Version 16
VisualStudioVersion = 16.0.30204.135
MinimumVisualStudioVersion = 10.0.40219.1
Project("{FAE04EC0-301F-11D3-BF4B-00C04F79EFBC}") = "SDSDPms", "SDSDPms\SDSDPms.csproj", "{428BE6A2-7B96-4543-9C86-189B2E0A6A82}"
EndProject
Project("{FAE04EC0-301F-11D3-BF4B-00C04F79EFBC}") = "SDSDPms.DataAccess", "SDSDPms.DataAccess\SDSDPms.DataAccess.csproj", "{D27637FA-7399-4CA4-A724-E22D42FE3670}"
EndProject
Project("{FAE04EC0-301F-11D3-BF4B-00C04F79EFBC}") = "SDSDPms.Models", "SDSDPms.Models\SDSDPms.Models.csproj", "{F229DE4E-14E5-47E7-9A02-91370B7FD50B}"
EndProject
Global
	GlobalSection(SolutionConfigurationPlatforms) = preSolution
		Debug|Any CPU = Debug|Any CPU
		Release|Any CPU = Release|Any CPU
	EndGlobalSection
	GlobalSection(ProjectConfigurationPlatforms) = postSolution
		{428BE6A2-7B96-4543-9C86-189B2E0A6A82}.Debug|Any CPU.ActiveCfg = Debug|Any CPU
		{428BE6A2-7B96-4543-9C86-189B2E0A6A82}.Debug|Any CPU.Build.0 = Debug|Any CPU
		{428BE6A2-7B96-4543-9C86-189B2E0A6A82}.Release|Any CPU.ActiveCfg = Release|Any CPU
		{428BE6A2-7B96-4543-9C86-189B2E0A6A82}.Release|Any CPU.Build.0 = Release|Any CPU
		{D27637FA-7399-4CA4-A724-E22D42FE3670}.Debug|Any CPU.ActiveCfg = Debug|Any CPU
		{D27637FA-7399-4CA4-A724-E22D42FE3670}.Debug|Any CPU.Build.0 = Debug|Any CPU
		{D27637FA-7399-4CA4-A724-E22D42FE3670}.Release|Any CPU.ActiveCfg = Release|Any CPU
		{D27637FA-7399-4CA4-A724-E22D42FE3670}.Release|Any CPU.Build.0 = Release|Any CPU
		{F229DE4E-14E5-47E7-9A02-91370B7FD50B}.Debug|Any CPU.ActiveCfg = Debug|Any CPU
		{F229DE4E-14E5-47E7-9A02-91370B7FD50B}.Debug|Any CPU.Build.0 = Debug|Any CPU
		{F229DE4E-14E5-47E7-9A02-91370B7FD50B}.Release|Any CPU.ActiveCfg = Release|Any CPU
		{F229DE4E-14E5-47E7-9A02-91370B7FD50B}.Release|Any CPU.Build.0 = Release|Any CPU
	EndGlobalSection
	GlobalSection(SolutionProperties) = preSolution
		HideSolutionNode = FALSE
	EndGlobalSection
	GlobalSection(ExtensibilityGlobals) = postSolution
		SolutionGuid = {76D87652-2E16-4EEE-A635-65469AAA7CF6}
	EndGlobalSection
EndGlobal
